// !$*UTF8*$!
{
	archiveVersion = 1;
	classes = {
	};
	objectVersion = 56;
	objects = {

/* Begin PBXBuildFile section */
		3E1BB7BA29D62B5F00B94205 /* Vehicle.swift in Sources */ = {isa = PBXBuildFile; fileRef = 3E1BB7B929D62B5F00B94205 /* Vehicle.swift */; };
		3E1BB7BC29D62C9B00B94205 /* VehicleViewModel.swift in Sources */ = {isa = PBXBuildFile; fileRef = 3E1BB7BB29D62C9B00B94205 /* VehicleViewModel.swift */; };
		3E1BB7BE29D62D5400B94205 /* ContentView.swift in Sources */ = {isa = PBXBuildFile; fileRef = 3E1BB7BD29D62D5400B94205 /* ContentView.swift */; };
		3E1BB7C029D62D5900B94205 /* VehicleView.swift in Sources */ = {isa = PBXBuildFile; fileRef = 3E1BB7BF29D62D5900B94205 /* VehicleView.swift */; };
		3E1BB7C229DB4BA600B94205 /* VehicleCartView.swift in Sources */ = {isa = PBXBuildFile; fileRef = 3E1BB7C129DB4BA600B94205 /* VehicleCartView.swift */; };
		3E1BB7C429DB50EF00B94205 /* CalculateAgeOnMarsView.swift in Sources */ = {isa = PBXBuildFile; fileRef = 3E1BB7C329DB50EF00B94205 /* CalculateAgeOnMarsView.swift */; };
		3E1BB7C629DB597B00B94205 /* AgeCalculatorViewModel.swift in Sources */ = {isa = PBXBuildFile; fileRef = 3E1BB7C529DB597B00B94205 /* AgeCalculatorViewModel.swift */; };
		3E1BB7C829DB5C9A00B94205 /* Starship.swift in Sources */ = {isa = PBXBuildFile; fileRef = 3E1BB7C729DB5C9A00B94205 /* Starship.swift */; };
		3E1BB7CA29DB5D2B00B94205 /* StarshipViewModel.swift in Sources */ = {isa = PBXBuildFile; fileRef = 3E1BB7C929DB5D2B00B94205 /* StarshipViewModel.swift */; };
		3E1BB7CC29DB5D5B00B94205 /* StarshipsView.swift in Sources */ = {isa = PBXBuildFile; fileRef = 3E1BB7CB29DB5D5B00B94205 /* StarshipsView.swift */; };
		3E28121F29D5CBBC0057E813 /* BugWarsApp.swift in Sources */ = {isa = PBXBuildFile; fileRef = 3E28121E29D5CBBC0057E813 /* BugWarsApp.swift */; };
		3E28122129D5CBBC0057E813 /* PeopleView.swift in Sources */ = {isa = PBXBuildFile; fileRef = 3E28122029D5CBBC0057E813 /* PeopleView.swift */; };
		3E28122329D5CBBD0057E813 /* Assets.xcassets in Resources */ = {isa = PBXBuildFile; fileRef = 3E28122229D5CBBD0057E813 /* Assets.xcassets */; };
		3E28122629D5CBBD0057E813 /* Preview Assets.xcassets in Resources */ = {isa = PBXBuildFile; fileRef = 3E28122529D5CBBD0057E813 /* Preview Assets.xcassets */; };
		3E28122D29D5CCC20057E813 /* NetworkManager.swift in Sources */ = {isa = PBXBuildFile; fileRef = 3E28122C29D5CCC20057E813 /* NetworkManager.swift */; };
		3E28123029D5D43F0057E813 /* PeopleViewModel.swift in Sources */ = {isa = PBXBuildFile; fileRef = 3E28122F29D5D43F0057E813 /* PeopleViewModel.swift */; };
		3E28123329D603AF0057E813 /* StarWarsApiClient.swift in Sources */ = {isa = PBXBuildFile; fileRef = 3E28123229D603AF0057E813 /* StarWarsApiClient.swift */; };
		3E28123629D603D30057E813 /* People.swift in Sources */ = {isa = PBXBuildFile; fileRef = 3E28123529D603D30057E813 /* People.swift */; };
		3EC7D3F429DDB7C40080590C /* Age.swift in Sources */ = {isa = PBXBuildFile; fileRef = 3EC7D3F329DDB7C40080590C /* Age.swift */; };
/* End PBXBuildFile section */

/* Begin PBXFileReference section */
		3E1BB7B929D62B5F00B94205 /* Vehicle.swift */ = {isa = PBXFileReference; lastKnownFileType = sourcecode.swift; path = Vehicle.swift; sourceTree = "<group>"; };
		3E1BB7BB29D62C9B00B94205 /* VehicleViewModel.swift */ = {isa = PBXFileReference; lastKnownFileType = sourcecode.swift; path = VehicleViewModel.swift; sourceTree = "<group>"; };
		3E1BB7BD29D62D5400B94205 /* ContentView.swift */ = {isa = PBXFileReference; lastKnownFileType = sourcecode.swift; path = ContentView.swift; sourceTree = "<group>"; };
		3E1BB7BF29D62D5900B94205 /* VehicleView.swift */ = {isa = PBXFileReference; lastKnownFileType = sourcecode.swift; path = VehicleView.swift; sourceTree = "<group>"; };
		3E1BB7C129DB4BA600B94205 /* VehicleCartView.swift */ = {isa = PBXFileReference; lastKnownFileType = sourcecode.swift; path = VehicleCartView.swift; sourceTree = "<group>"; };
		3E1BB7C329DB50EF00B94205 /* CalculateAgeOnMarsView.swift */ = {isa = PBXFileReference; lastKnownFileType = sourcecode.swift; path = CalculateAgeOnMarsView.swift; sourceTree = "<group>"; };
		3E1BB7C529DB597B00B94205 /* AgeCalculatorViewModel.swift */ = {isa = PBXFileReference; lastKnownFileType = sourcecode.swift; path = AgeCalculatorViewModel.swift; sourceTree = "<group>"; };
		3E1BB7C729DB5C9A00B94205 /* Starship.swift */ = {isa = PBXFileReference; lastKnownFileType = sourcecode.swift; path = Starship.swift; sourceTree = "<group>"; };
		3E1BB7C929DB5D2B00B94205 /* StarshipViewModel.swift */ = {isa = PBXFileReference; lastKnownFileType = sourcecode.swift; path = StarshipViewModel.swift; sourceTree = "<group>"; };
		3E1BB7CB29DB5D5B00B94205 /* StarshipsView.swift */ = {isa = PBXFileReference; lastKnownFileType = sourcecode.swift; path = StarshipsView.swift; sourceTree = "<group>"; };
		3E28121B29D5CBBC0057E813 /* BugWars.app */ = {isa = PBXFileReference; explicitFileType = wrapper.application; includeInIndex = 0; path = BugWars.app; sourceTree = BUILT_PRODUCTS_DIR; };
		3E28121E29D5CBBC0057E813 /* BugWarsApp.swift */ = {isa = PBXFileReference; lastKnownFileType = sourcecode.swift; path = BugWarsApp.swift; sourceTree = "<group>"; };
		3E28122029D5CBBC0057E813 /* PeopleView.swift */ = {isa = PBXFileReference; lastKnownFileType = sourcecode.swift; path = PeopleView.swift; sourceTree = "<group>"; };
		3E28122229D5CBBD0057E813 /* Assets.xcassets */ = {isa = PBXFileReference; lastKnownFileType = folder.assetcatalog; path = Assets.xcassets; sourceTree = "<group>"; };
		3E28122529D5CBBD0057E813 /* Preview Assets.xcassets */ = {isa = PBXFileReference; lastKnownFileType = folder.assetcatalog; path = "Preview Assets.xcassets"; sourceTree = "<group>"; };
		3E28122C29D5CCC20057E813 /* NetworkManager.swift */ = {isa = PBXFileReference; lastKnownFileType = sourcecode.swift; path = NetworkManager.swift; sourceTree = "<group>"; };
		3E28122F29D5D43F0057E813 /* PeopleViewModel.swift */ = {isa = PBXFileReference; lastKnownFileType = sourcecode.swift; path = PeopleViewModel.swift; sourceTree = "<group>"; };
		3E28123229D603AF0057E813 /* StarWarsApiClient.swift */ = {isa = PBXFileReference; lastKnownFileType = sourcecode.swift; path = StarWarsApiClient.swift; sourceTree = "<group>"; };
		3E28123529D603D30057E813 /* People.swift */ = {isa = PBXFileReference; lastKnownFileType = sourcecode.swift; path = People.swift; sourceTree = "<group>"; };
		3EC7D3F329DDB7C40080590C /* Age.swift */ = {isa = PBXFileReference; lastKnownFileType = sourcecode.swift; path = Age.swift; sourceTree = "<group>"; };
/* End PBXFileReference section */

/* Begin PBXFrameworksBuildPhase section */
		3E28121829D5CBBC0057E813 /* Frameworks */ = {
			isa = PBXFrameworksBuildPhase;
			buildActionMask = 2147483647;
			files = (
			);
			runOnlyForDeploymentPostprocessing = 0;
		};
/* End PBXFrameworksBuildPhase section */

/* Begin PBXGroup section */
		3E1BB7E029DDB73E00B94205 /* ViewModel */ = {
			isa = PBXGroup;
			children = (
				3E1BB7C929DB5D2B00B94205 /* StarshipViewModel.swift */,
				3E1BB7C529DB597B00B94205 /* AgeCalculatorViewModel.swift */,
				3E1BB7BB29D62C9B00B94205 /* VehicleViewModel.swift */,
				3E28122F29D5D43F0057E813 /* PeopleViewModel.swift */,
			);
			path = ViewModel;
			sourceTree = "<group>";
		};
		3E28121229D5CBBC0057E813 = {
			isa = PBXGroup;
			children = (
				3E28121D29D5CBBC0057E813 /* BugWars */,
				3E28121C29D5CBBC0057E813 /* Products */,
			);
			sourceTree = "<group>";
		};
		3E28121C29D5CBBC0057E813 /* Products */ = {
			isa = PBXGroup;
			children = (
				3E28121B29D5CBBC0057E813 /* BugWars.app */,
			);
			name = Products;
			sourceTree = "<group>";
		};
		3E28121D29D5CBBC0057E813 /* BugWars */ = {
			isa = PBXGroup;
			children = (
				3E28121E29D5CBBC0057E813 /* BugWarsApp.swift */,
				3E28123829D6051C0057E813 /* Views */,
				3E1BB7E029DDB73E00B94205 /* ViewModel */,
				3E28123729D605030057E813 /* Networking */,
				3E28123429D603CB0057E813 /* Model */,
				3E28122229D5CBBD0057E813 /* Assets.xcassets */,
				3E28122429D5CBBD0057E813 /* Preview Content */,
			);
			path = BugWars;
			sourceTree = "<group>";
		};
		3E28122429D5CBBD0057E813 /* Preview Content */ = {
			isa = PBXGroup;
			children = (
				3E28122529D5CBBD0057E813 /* Preview Assets.xcassets */,
			);
			path = "Preview Content";
			sourceTree = "<group>";
		};
		3E28123429D603CB0057E813 /* Model */ = {
			isa = PBXGroup;
			children = (
				3E1BB7C729DB5C9A00B94205 /* Starship.swift */,
				3EC7D3F329DDB7C40080590C /* Age.swift */,
				3E1BB7B929D62B5F00B94205 /* Vehicle.swift */,
				3E28123529D603D30057E813 /* People.swift */,
			);
			path = Model;
			sourceTree = "<group>";
		};
		3E28123729D605030057E813 /* Networking */ = {
			isa = PBXGroup;
			children = (
				3E28122C29D5CCC20057E813 /* NetworkManager.swift */,
				3E28123229D603AF0057E813 /* StarWarsApiClient.swift */,
			);
			path = Networking;
			sourceTree = "<group>";
		};
		3E28123829D6051C0057E813 /* Views */ = {
			isa = PBXGroup;
			children = (
				3E1BB7BD29D62D5400B94205 /* ContentView.swift */,
				3E1BB7CB29DB5D5B00B94205 /* StarshipsView.swift */,
				3E1BB7C329DB50EF00B94205 /* CalculateAgeOnMarsView.swift */,
				3EC7D3F529DDBCB40080590C /* VehicleView */,
				3E28122029D5CBBC0057E813 /* PeopleView.swift */,
			);
			path = Views;
			sourceTree = "<group>";
		};
		3EC7D3F529DDBCB40080590C /* VehicleView */ = {
			isa = PBXGroup;
			children = (
				3E1BB7BF29D62D5900B94205 /* VehicleView.swift */,
				3E1BB7C129DB4BA600B94205 /* VehicleCartView.swift */,
			);
			path = VehicleView;
			sourceTree = "<group>";
		};
/* End PBXGroup section */

/* Begin PBXNativeTarget section */
		3E28121A29D5CBBC0057E813 /* BugWars */ = {
			isa = PBXNativeTarget;
			buildConfigurationList = 3E28122929D5CBBD0057E813 /* Build configuration list for PBXNativeTarget "BugWars" */;
			buildPhases = (
				3E28121729D5CBBC0057E813 /* Sources */,
				3E28121829D5CBBC0057E813 /* Frameworks */,
				3E28121929D5CBBC0057E813 /* Resources */,
			);
			buildRules = (
			);
			dependencies = (
			);
			name = BugWars;
			productName = BugWars;
			productReference = 3E28121B29D5CBBC0057E813 /* BugWars.app */;
			productType = "com.apple.product-type.application";
		};
/* End PBXNativeTarget section */

/* Begin PBXProject section */
		3E28121329D5CBBC0057E813 /* Project object */ = {
			isa = PBXProject;
			attributes = {
				BuildIndependentTargetsInParallel = 1;
				LastSwiftUpdateCheck = 1420;
				LastUpgradeCheck = 1420;
				TargetAttributes = {
					3E28121A29D5CBBC0057E813 = {
						CreatedOnToolsVersion = 14.2;
					};
				};
			};
			buildConfigurationList = 3E28121629D5CBBC0057E813 /* Build configuration list for PBXProject "BugWars" */;
			compatibilityVersion = "Xcode 14.0";
			developmentRegion = en;
			hasScannedForEncodings = 0;
			knownRegions = (
				en,
				Base,
			);
			mainGroup = 3E28121229D5CBBC0057E813;
			productRefGroup = 3E28121C29D5CBBC0057E813 /* Products */;
			projectDirPath = "";
			projectRoot = "";
			targets = (
				3E28121A29D5CBBC0057E813 /* BugWars */,
			);
		};
/* End PBXProject section */

/* Begin PBXResourcesBuildPhase section */
		3E28121929D5CBBC0057E813 /* Resources */ = {
			isa = PBXResourcesBuildPhase;
			buildActionMask = 2147483647;
			files = (
				3E28122629D5CBBD0057E813 /* Preview Assets.xcassets in Resources */,
				3E28122329D5CBBD0057E813 /* Assets.xcassets in Resources */,
			);
			runOnlyForDeploymentPostprocessing = 0;
		};
/* End PBXResourcesBuildPhase section */

/* Begin PBXSourcesBuildPhase section */
		3E28121729D5CBBC0057E813 /* Sources */ = {
			isa = PBXSourcesBuildPhase;
			buildActionMask = 2147483647;
			files = (
				3E28122D29D5CCC20057E813 /* NetworkManager.swift in Sources */,
				3E1BB7C829DB5C9A00B94205 /* Starship.swift in Sources */,
				3E1BB7C429DB50EF00B94205 /* CalculateAgeOnMarsView.swift in Sources */,
				3E28123029D5D43F0057E813 /* PeopleViewModel.swift in Sources */,
				3E1BB7C629DB597B00B94205 /* AgeCalculatorViewModel.swift in Sources */,
				3E1BB7BC29D62C9B00B94205 /* VehicleViewModel.swift in Sources */,
				3EC7D3F429DDB7C40080590C /* Age.swift in Sources */,
				3E1BB7C029D62D5900B94205 /* VehicleView.swift in Sources */,
				3E1BB7C229DB4BA600B94205 /* VehicleCartView.swift in Sources */,
				3E1BB7CA29DB5D2B00B94205 /* StarshipViewModel.swift in Sources */,
				3E28122129D5CBBC0057E813 /* PeopleView.swift in Sources */,
				3E1BB7CC29DB5D5B00B94205 /* StarshipsView.swift in Sources */,
				3E28121F29D5CBBC0057E813 /* BugWarsApp.swift in Sources */,
				3E1BB7BE29D62D5400B94205 /* ContentView.swift in Sources */,
				3E1BB7BA29D62B5F00B94205 /* Vehicle.swift in Sources */,
				3E28123629D603D30057E813 /* People.swift in Sources */,
				3E28123329D603AF0057E813 /* StarWarsApiClient.swift in Sources */,
			);
			runOnlyForDeploymentPostprocessing = 0;
		};
/* End PBXSourcesBuildPhase section */

/* Begin XCBuildConfiguration section */
		3E28122729D5CBBD0057E813 /* Debug */ = {
			isa = XCBuildConfiguration;
			buildSettings = {
				ALWAYS_SEARCH_USER_PATHS = NO;
				CLANG_ANALYZER_NONNULL = YES;
				CLANG_ANALYZER_NUMBER_OBJECT_CONVERSION = YES_AGGRESSIVE;
				CLANG_CXX_LANGUAGE_STANDARD = "gnu++20";
				CLANG_ENABLE_MODULES = YES;
				CLANG_ENABLE_OBJC_ARC = YES;
				CLANG_ENABLE_OBJC_WEAK = YES;
				CLANG_WARN_BLOCK_CAPTURE_AUTORELEASING = YES;
				CLANG_WARN_BOOL_CONVERSION = YES;
				CLANG_WARN_COMMA = YES;
				CLANG_WARN_CONSTANT_CONVERSION = YES;
				CLANG_WARN_DEPRECATED_OBJC_IMPLEMENTATIONS = YES;
				CLANG_WARN_DIRECT_OBJC_ISA_USAGE = YES_ERROR;
				CLANG_WARN_DOCUMENTATION_COMMENTS = YES;
				CLANG_WARN_EMPTY_BODY = YES;
				CLANG_WARN_ENUM_CONVERSION = YES;
				CLANG_WARN_INFINITE_RECURSION = YES;
				CLANG_WARN_INT_CONVERSION = YES;
				CLANG_WARN_NON_LITERAL_NULL_CONVERSION = YES;
				CLANG_WARN_OBJC_IMPLICIT_RETAIN_SELF = YES;
				CLANG_WARN_OBJC_LITERAL_CONVERSION = YES;
				CLANG_WARN_OBJC_ROOT_CLASS = YES_ERROR;
				CLANG_WARN_QUOTED_INCLUDE_IN_FRAMEWORK_HEADER = YES;
				CLANG_WARN_RANGE_LOOP_ANALYSIS = YES;
				CLANG_WARN_STRICT_PROTOTYPES = YES;
				CLANG_WARN_SUSPICIOUS_MOVE = YES;
				CLANG_WARN_UNGUARDED_AVAILABILITY = YES_AGGRESSIVE;
				CLANG_WARN_UNREACHABLE_CODE = YES;
				CLANG_WARN__DUPLICATE_METHOD_MATCH = YES;
				COPY_PHASE_STRIP = NO;
				DEBUG_INFORMATION_FORMAT = dwarf;
				ENABLE_STRICT_OBJC_MSGSEND = YES;
				ENABLE_TESTABILITY = YES;
				GCC_C_LANGUAGE_STANDARD = gnu11;
				GCC_DYNAMIC_NO_PIC = NO;
				GCC_NO_COMMON_BLOCKS = YES;
				GCC_OPTIMIZATION_LEVEL = 0;
				GCC_PREPROCESSOR_DEFINITIONS = (
					"DEBUG=1",
					"$(inherited)",
				);
				GCC_WARN_64_TO_32_BIT_CONVERSION = YES;
				GCC_WARN_ABOUT_RETURN_TYPE = YES_ERROR;
				GCC_WARN_UNDECLARED_SELECTOR = YES;
				GCC_WARN_UNINITIALIZED_AUTOS = YES_AGGRESSIVE;
				GCC_WARN_UNUSED_FUNCTION = YES;
				GCC_WARN_UNUSED_VARIABLE = YES;
				IPHONEOS_DEPLOYMENT_TARGET = 16.2;
				MTL_ENABLE_DEBUG_INFO = INCLUDE_SOURCE;
				MTL_FAST_MATH = YES;
				ONLY_ACTIVE_ARCH = YES;
				SDKROOT = iphoneos;
				SWIFT_ACTIVE_COMPILATION_CONDITIONS = DEBUG;
				SWIFT_OPTIMIZATION_LEVEL = "-Onone";
			};
			name = Debug;
		};
		3E28122829D5CBBD0057E813 /* Release */ = {
			isa = XCBuildConfiguration;
			buildSettings = {
				ALWAYS_SEARCH_USER_PATHS = NO;
				CLANG_ANALYZER_NONNULL = YES;
				CLANG_ANALYZER_NUMBER_OBJECT_CONVERSION = YES_AGGRESSIVE;
				CLANG_CXX_LANGUAGE_STANDARD = "gnu++20";
				CLANG_ENABLE_MODULES = YES;
				CLANG_ENABLE_OBJC_ARC = YES;
				CLANG_ENABLE_OBJC_WEAK = YES;
				CLANG_WARN_BLOCK_CAPTURE_AUTORELEASING = YES;
				CLANG_WARN_BOOL_CONVERSION = YES;
				CLANG_WARN_COMMA = YES;
				CLANG_WARN_CONSTANT_CONVERSION = YES;
				CLANG_WARN_DEPRECATED_OBJC_IMPLEMENTATIONS = YES;
				CLANG_WARN_DIRECT_OBJC_ISA_USAGE = YES_ERROR;
				CLANG_WARN_DOCUMENTATION_COMMENTS = YES;
				CLANG_WARN_EMPTY_BODY = YES;
				CLANG_WARN_ENUM_CONVERSION = YES;
				CLANG_WARN_INFINITE_RECURSION = YES;
				CLANG_WARN_INT_CONVERSION = YES;
				CLANG_WARN_NON_LITERAL_NULL_CONVERSION = YES;
				CLANG_WARN_OBJC_IMPLICIT_RETAIN_SELF = YES;
				CLANG_WARN_OBJC_LITERAL_CONVERSION = YES;
				CLANG_WARN_OBJC_ROOT_CLASS = YES_ERROR;
				CLANG_WARN_QUOTED_INCLUDE_IN_FRAMEWORK_HEADER = YES;
				CLANG_WARN_RANGE_LOOP_ANALYSIS = YES;
				CLANG_WARN_STRICT_PROTOTYPES = YES;
				CLANG_WARN_SUSPICIOUS_MOVE = YES;
				CLANG_WARN_UNGUARDED_AVAILABILITY = YES_AGGRESSIVE;
				CLANG_WARN_UNREACHABLE_CODE = YES;
				CLANG_WARN__DUPLICATE_METHOD_MATCH = YES;
				COPY_PHASE_STRIP = NO;
				DEBUG_INFORMATION_FORMAT = "dwarf-with-dsym";
				ENABLE_NS_ASSERTIONS = NO;
				ENABLE_STRICT_OBJC_MSGSEND = YES;
				GCC_C_LANGUAGE_STANDARD = gnu11;
				GCC_NO_COMMON_BLOCKS = YES;
				GCC_WARN_64_TO_32_BIT_CONVERSION = YES;
				GCC_WARN_ABOUT_RETURN_TYPE = YES_ERROR;
				GCC_WARN_UNDECLARED_SELECTOR = YES;
				GCC_WARN_UNINITIALIZED_AUTOS = YES_AGGRESSIVE;
				GCC_WARN_UNUSED_FUNCTION = YES;
				GCC_WARN_UNUSED_VARIABLE = YES;
				IPHONEOS_DEPLOYMENT_TARGET = 16.2;
				MTL_ENABLE_DEBUG_INFO = NO;
				MTL_FAST_MATH = YES;
				SDKROOT = iphoneos;
				SWIFT_COMPILATION_MODE = wholemodule;
				SWIFT_OPTIMIZATION_LEVEL = "-O";
				VALIDATE_PRODUCT = YES;
			};
			name = Release;
		};
		3E28122A29D5CBBD0057E813 /* Debug */ = {
			isa = XCBuildConfiguration;
			buildSettings = {
				ASSETCATALOG_COMPILER_APPICON_NAME = AppIcon;
				ASSETCATALOG_COMPILER_GLOBAL_ACCENT_COLOR_NAME = AccentColor;
				CODE_SIGN_STYLE = Automatic;
				CURRENT_PROJECT_VERSION = 1;
				DEVELOPMENT_ASSET_PATHS = "\"BugWars/Preview Content\"";
				DEVELOPMENT_TEAM = PU4JAM9L7Q;
				ENABLE_PREVIEWS = YES;
				GENERATE_INFOPLIST_FILE = YES;
				INFOPLIST_KEY_UIApplicationSceneManifest_Generation = YES;
				INFOPLIST_KEY_UIApplicationSupportsIndirectInputEvents = YES;
				INFOPLIST_KEY_UILaunchScreen_Generation = YES;
				INFOPLIST_KEY_UISupportedInterfaceOrientations_iPad = "UIInterfaceOrientationPortrait UIInterfaceOrientationPortraitUpsideDown UIInterfaceOrientationLandscapeLeft UIInterfaceOrientationLandscapeRight";
				INFOPLIST_KEY_UISupportedInterfaceOrientations_iPhone = "UIInterfaceOrientationPortrait UIInterfaceOrientationLandscapeLeft UIInterfaceOrientationLandscapeRight";
				LD_RUNPATH_SEARCH_PATHS = (
					"$(inherited)",
					"@executable_path/Frameworks",
				);
				MARKETING_VERSION = 1.0;
				PRODUCT_BUNDLE_IDENTIFIER = com.Academy.BugWars;
				PRODUCT_NAME = "$(TARGET_NAME)";
				SWIFT_EMIT_LOC_STRINGS = YES;
				SWIFT_VERSION = 5.0;
				TARGETED_DEVICE_FAMILY = "1,2";
			};
			name = Debug;
		};
		3E28122B29D5CBBD0057E813 /* Release */ = {
			isa = XCBuildConfiguration;
			buildSettings = {
				ASSETCATALOG_COMPILER_APPICON_NAME = AppIcon;
				ASSETCATALOG_COMPILER_GLOBAL_ACCENT_COLOR_NAME = AccentColor;
				CODE_SIGN_STYLE = Automatic;
				CURRENT_PROJECT_VERSION = 1;
				DEVELOPMENT_ASSET_PATHS = "\"BugWars/Preview Content\"";
				DEVELOPMENT_TEAM = PU4JAM9L7Q;
				ENABLE_PREVIEWS = YES;
				GENERATE_INFOPLIST_FILE = YES;
				INFOPLIST_KEY_UIApplicationSceneManifest_Generation = YES;
				INFOPLIST_KEY_UIApplicationSupportsIndirectInputEvents = YES;
				INFOPLIST_KEY_UILaunchScreen_Generation = YES;
				INFOPLIST_KEY_UISupportedInterfaceOrientations_iPad = "UIInterfaceOrientationPortrait UIInterfaceOrientationPortraitUpsideDown UIInterfaceOrientationLandscapeLeft UIInterfaceOrientationLandscapeRight";
				INFOPLIST_KEY_UISupportedInterfaceOrientations_iPhone = "UIInterfaceOrientationPortrait UIInterfaceOrientationLandscapeLeft UIInterfaceOrientationLandscapeRight";
				LD_RUNPATH_SEARCH_PATHS = (
					"$(inherited)",
					"@executable_path/Frameworks",
				);
				MARKETING_VERSION = 1.0;
				PRODUCT_BUNDLE_IDENTIFIER = com.Academy.BugWars;
				PRODUCT_NAME = "$(TARGET_NAME)";
				SWIFT_EMIT_LOC_STRINGS = YES;
				SWIFT_VERSION = 5.0;
				TARGETED_DEVICE_FAMILY = "1,2";
			};
			name = Release;
		};
/* End XCBuildConfiguration section */

/* Begin XCConfigurationList section */
		3E28121629D5CBBC0057E813 /* Build configuration list for PBXProject "BugWars" */ = {
			isa = XCConfigurationList;
			buildConfigurations = (
				3E28122729D5CBBD0057E813 /* Debug */,
				3E28122829D5CBBD0057E813 /* Release */,
			);
			defaultConfigurationIsVisible = 0;
			defaultConfigurationName = Release;
		};
		3E28122929D5CBBD0057E813 /* Build configuration list for PBXNativeTarget "BugWars" */ = {
			isa = XCConfigurationList;
			buildConfigurations = (
				3E28122A29D5CBBD0057E813 /* Debug */,
				3E28122B29D5CBBD0057E813 /* Release */,
			);
			defaultConfigurationIsVisible = 0;
			defaultConfigurationName = Release;
		};
/* End XCConfigurationList section */
	};
	rootObject = 3E28121329D5CBBC0057E813 /* Project object */;
}
